// !$*UTF8*$!
{
	archiveVersion = 1;
	classes = {
	};
	objectVersion = 52;
	objects = {

/* Begin PBXBuildFile section */
		24ABB5C522E76E9E0074F0C0 /* AppDelegate.swift in Sources */ = {isa = PBXBuildFile; fileRef = 24ABB5C422E76E9E0074F0C0 /* AppDelegate.swift */; };
		24ABB5C722E76E9F0074F0C0 /* SceneDelegate.swift in Sources */ = {isa = PBXBuildFile; fileRef = 24ABB5C622E76E9F0074F0C0 /* SceneDelegate.swift */; };
		24ABB5C922E76E9F0074F0C0 /* ContentView.swift in Sources */ = {isa = PBXBuildFile; fileRef = 24ABB5C822E76E9F0074F0C0 /* ContentView.swift */; };
		24ABB5CB22E76EA50074F0C0 /* Assets.xcassets in Resources */ = {isa = PBXBuildFile; fileRef = 24ABB5CA22E76EA50074F0C0 /* Assets.xcassets */; };
		24ABB5CE22E76EA50074F0C0 /* Preview Assets.xcassets in Resources */ = {isa = PBXBuildFile; fileRef = 24ABB5CD22E76EA50074F0C0 /* Preview Assets.xcassets */; };
		24ABB5D122E76EA50074F0C0 /* LaunchScreen.storyboard in Resources */ = {isa = PBXBuildFile; fileRef = 24ABB5CF22E76EA50074F0C0 /* LaunchScreen.storyboard */; };
		24ABB5DA22E76FBB0074F0C0 /* SwiftExtensions in Frameworks */ = {isa = PBXBuildFile; productRef = 24ABB5D922E76FBB0074F0C0 /* SwiftExtensions */; };
		24ABB5DD22E781330074F0C0 /* Nuke in Frameworks */ = {isa = PBXBuildFile; productRef = 24ABB5DC22E781330074F0C0 /* Nuke */; };
		24ABB5E022E7870E0074F0C0 /* UIImageView+.swift in Sources */ = {isa = PBXBuildFile; fileRef = 24ABB5DF22E7870E0074F0C0 /* UIImageView+.swift */; };
		24ABB5E522E789530074F0C0 /* WebImage.swift in Sources */ = {isa = PBXBuildFile; fileRef = 24ABB5E422E789530074F0C0 /* WebImage.swift */; };
		24ABB5E822E891BE0074F0C0 /* Alamofire in Frameworks */ = {isa = PBXBuildFile; productRef = 24ABB5E722E891BE0074F0C0 /* Alamofire */; };
		24ABB5EA22E891FC0074F0C0 /* Alamofire+.swift in Sources */ = {isa = PBXBuildFile; fileRef = 24ABB5E922E891FC0074F0C0 /* Alamofire+.swift */; };
		24ABB5ED22E895A80074F0C0 /* Moya in Frameworks */ = {isa = PBXBuildFile; productRef = 24ABB5EC22E895A80074F0C0 /* Moya */; };
		24ABB5EF22E8B36E0074F0C0 /* Moya+.swift in Sources */ = {isa = PBXBuildFile; fileRef = 24ABB5EE22E8B36E0074F0C0 /* Moya+.swift */; };
		24ABB5F222E8B4160074F0C0 /* APITemplate.swift in Sources */ = {isa = PBXBuildFile; fileRef = 24ABB5F122E8B4160074F0C0 /* APITemplate.swift */; };
		24ABB5F522E8BD440074F0C0 /* ViewModelTemplate.swift in Sources */ = {isa = PBXBuildFile; fileRef = 24ABB5F422E8BD440074F0C0 /* ViewModelTemplate.swift */; };
		24ABB5F822E8BE5C0074F0C0 /* Template.swift in Sources */ = {isa = PBXBuildFile; fileRef = 24ABB5F722E8BE5C0074F0C0 /* Template.swift */; };
/* End PBXBuildFile section */

/* Begin PBXFileReference section */
		24ABB5C122E76E9E0074F0C0 /* HackathonStarter.app */ = {isa = PBXFileReference; explicitFileType = wrapper.application; includeInIndex = 0; path = HackathonStarter.app; sourceTree = BUILT_PRODUCTS_DIR; };
		24ABB5C422E76E9E0074F0C0 /* AppDelegate.swift */ = {isa = PBXFileReference; lastKnownFileType = sourcecode.swift; path = AppDelegate.swift; sourceTree = "<group>"; };
		24ABB5C622E76E9F0074F0C0 /* SceneDelegate.swift */ = {isa = PBXFileReference; lastKnownFileType = sourcecode.swift; path = SceneDelegate.swift; sourceTree = "<group>"; };
		24ABB5C822E76E9F0074F0C0 /* ContentView.swift */ = {isa = PBXFileReference; lastKnownFileType = sourcecode.swift; path = ContentView.swift; sourceTree = "<group>"; };
		24ABB5CA22E76EA50074F0C0 /* Assets.xcassets */ = {isa = PBXFileReference; lastKnownFileType = folder.assetcatalog; path = Assets.xcassets; sourceTree = "<group>"; };
		24ABB5CD22E76EA50074F0C0 /* Preview Assets.xcassets */ = {isa = PBXFileReference; lastKnownFileType = folder.assetcatalog; path = "Preview Assets.xcassets"; sourceTree = "<group>"; };
		24ABB5D022E76EA50074F0C0 /* Base */ = {isa = PBXFileReference; lastKnownFileType = file.storyboard; name = Base; path = Base.lproj/LaunchScreen.storyboard; sourceTree = "<group>"; };
		24ABB5D222E76EA50074F0C0 /* Info.plist */ = {isa = PBXFileReference; lastKnownFileType = text.plist.xml; path = Info.plist; sourceTree = "<group>"; };
		24ABB5DF22E7870E0074F0C0 /* UIImageView+.swift */ = {isa = PBXFileReference; lastKnownFileType = sourcecode.swift; path = "UIImageView+.swift"; sourceTree = "<group>"; };
		24ABB5E422E789530074F0C0 /* WebImage.swift */ = {isa = PBXFileReference; lastKnownFileType = sourcecode.swift; path = WebImage.swift; sourceTree = "<group>"; };
		24ABB5E922E891FC0074F0C0 /* Alamofire+.swift */ = {isa = PBXFileReference; lastKnownFileType = sourcecode.swift; path = "Alamofire+.swift"; sourceTree = "<group>"; };
		24ABB5EE22E8B36E0074F0C0 /* Moya+.swift */ = {isa = PBXFileReference; lastKnownFileType = sourcecode.swift; path = "Moya+.swift"; sourceTree = "<group>"; };
		24ABB5F122E8B4160074F0C0 /* APITemplate.swift */ = {isa = PBXFileReference; lastKnownFileType = sourcecode.swift; path = APITemplate.swift; sourceTree = "<group>"; };
		24ABB5F422E8BD440074F0C0 /* ViewModelTemplate.swift */ = {isa = PBXFileReference; lastKnownFileType = sourcecode.swift; path = ViewModelTemplate.swift; sourceTree = "<group>"; };
		24ABB5F722E8BE5C0074F0C0 /* Template.swift */ = {isa = PBXFileReference; lastKnownFileType = sourcecode.swift; path = Template.swift; sourceTree = "<group>"; };
/* End PBXFileReference section */

/* Begin PBXFrameworksBuildPhase section */
		24ABB5BE22E76E9E0074F0C0 /* Frameworks */ = {
			isa = PBXFrameworksBuildPhase;
			buildActionMask = 2147483647;
			files = (
				24ABB5E822E891BE0074F0C0 /* Alamofire in Frameworks */,
				24ABB5DA22E76FBB0074F0C0 /* SwiftExtensions in Frameworks */,
				24ABB5ED22E895A80074F0C0 /* Moya in Frameworks */,
				24ABB5DD22E781330074F0C0 /* Nuke in Frameworks */,
			);
			runOnlyForDeploymentPostprocessing = 0;
		};
/* End PBXFrameworksBuildPhase section */

/* Begin PBXGroup section */
		24ABB5B822E76E9E0074F0C0 = {
			isa = PBXGroup;
			children = (
				24ABB5C322E76E9E0074F0C0 /* HackathonStarter */,
				24ABB5C222E76E9E0074F0C0 /* Products */,
			);
			sourceTree = "<group>";
		};
		24ABB5C222E76E9E0074F0C0 /* Products */ = {
			isa = PBXGroup;
			children = (
				24ABB5C122E76E9E0074F0C0 /* HackathonStarter.app */,
			);
			name = Products;
			sourceTree = "<group>";
		};
		24ABB5C322E76E9E0074F0C0 /* HackathonStarter */ = {
			isa = PBXGroup;
			children = (
				24ABB5C422E76E9E0074F0C0 /* AppDelegate.swift */,
				24ABB5C622E76E9F0074F0C0 /* SceneDelegate.swift */,
				24ABB5C822E76E9F0074F0C0 /* ContentView.swift */,
				24ABB5CA22E76EA50074F0C0 /* Assets.xcassets */,
				24ABB5CF22E76EA50074F0C0 /* LaunchScreen.storyboard */,
				24ABB5D222E76EA50074F0C0 /* Info.plist */,
				24ABB5F622E8BDD90074F0C0 /* Templates */,
				24ABB5E122E789260074F0C0 /* SwiftUI Components */,
				24ABB5DE22E7814D0074F0C0 /* Extensions */,
				24ABB5CC22E76EA50074F0C0 /* Preview Content */,
			);
			path = HackathonStarter;
			sourceTree = "<group>";
		};
		24ABB5CC22E76EA50074F0C0 /* Preview Content */ = {
			isa = PBXGroup;
			children = (
				24ABB5CD22E76EA50074F0C0 /* Preview Assets.xcassets */,
			);
			path = "Preview Content";
			sourceTree = "<group>";
		};
		24ABB5DE22E7814D0074F0C0 /* Extensions */ = {
			isa = PBXGroup;
			children = (
				24ABB5DF22E7870E0074F0C0 /* UIImageView+.swift */,
				24ABB5E922E891FC0074F0C0 /* Alamofire+.swift */,
				24ABB5EE22E8B36E0074F0C0 /* Moya+.swift */,
			);
			path = Extensions;
			sourceTree = "<group>";
		};
		24ABB5E122E789260074F0C0 /* SwiftUI Components */ = {
			isa = PBXGroup;
			children = (
				24ABB5E422E789530074F0C0 /* WebImage.swift */,
			);
			path = "SwiftUI Components";
			sourceTree = "<group>";
		};
		24ABB5F622E8BDD90074F0C0 /* Templates */ = {
			isa = PBXGroup;
			children = (
				24ABB5F722E8BE5C0074F0C0 /* Template.swift */,
				24ABB5F422E8BD440074F0C0 /* ViewModelTemplate.swift */,
				24ABB5F122E8B4160074F0C0 /* APITemplate.swift */,
			);
			path = Templates;
			sourceTree = "<group>";
		};
/* End PBXGroup section */

/* Begin PBXNativeTarget section */
		24ABB5C022E76E9E0074F0C0 /* HackathonStarter */ = {
			isa = PBXNativeTarget;
			buildConfigurationList = 24ABB5D522E76EA50074F0C0 /* Build configuration list for PBXNativeTarget "HackathonStarter" */;
			buildPhases = (
				24ABB5BD22E76E9E0074F0C0 /* Sources */,
				24ABB5BE22E76E9E0074F0C0 /* Frameworks */,
				24ABB5BF22E76E9E0074F0C0 /* Resources */,
			);
			buildRules = (
			);
			dependencies = (
			);
			name = HackathonStarter;
			packageProductDependencies = (
				24ABB5D922E76FBB0074F0C0 /* SwiftExtensions */,
				24ABB5DC22E781330074F0C0 /* Nuke */,
				24ABB5E722E891BE0074F0C0 /* Alamofire */,
				24ABB5EC22E895A80074F0C0 /* Moya */,
			);
			productName = HackathonStarter;
			productReference = 24ABB5C122E76E9E0074F0C0 /* HackathonStarter.app */;
			productType = "com.apple.product-type.application";
		};
/* End PBXNativeTarget section */

/* Begin PBXProject section */
		24ABB5B922E76E9E0074F0C0 /* Project object */ = {
			isa = PBXProject;
			attributes = {
				LastSwiftUpdateCheck = 1100;
				LastUpgradeCheck = 1100;
				ORGANIZATIONNAME = "Tatsuya Tanaka";
				TargetAttributes = {
					24ABB5C022E76E9E0074F0C0 = {
						CreatedOnToolsVersion = 11.0;
					};
				};
			};
			buildConfigurationList = 24ABB5BC22E76E9E0074F0C0 /* Build configuration list for PBXProject "HackathonStarter" */;
			compatibilityVersion = "Xcode 9.3";
			developmentRegion = en;
			hasScannedForEncodings = 0;
			knownRegions = (
				en,
				Base,
			);
			mainGroup = 24ABB5B822E76E9E0074F0C0;
			packageReferences = (
				24ABB5D822E76FBB0074F0C0 /* XCRemoteSwiftPackageReference "SwiftExtensions" */,
				24ABB5DB22E781330074F0C0 /* XCRemoteSwiftPackageReference "Nuke" */,
				24ABB5E622E891BE0074F0C0 /* XCRemoteSwiftPackageReference "Alamofire" */,
				24ABB5EB22E895A80074F0C0 /* XCRemoteSwiftPackageReference "Moya" */,
			);
			productRefGroup = 24ABB5C222E76E9E0074F0C0 /* Products */;
			projectDirPath = "";
			projectRoot = "";
			targets = (
				24ABB5C022E76E9E0074F0C0 /* HackathonStarter */,
			);
		};
/* End PBXProject section */

/* Begin PBXResourcesBuildPhase section */
		24ABB5BF22E76E9E0074F0C0 /* Resources */ = {
			isa = PBXResourcesBuildPhase;
			buildActionMask = 2147483647;
			files = (
				24ABB5D122E76EA50074F0C0 /* LaunchScreen.storyboard in Resources */,
				24ABB5CE22E76EA50074F0C0 /* Preview Assets.xcassets in Resources */,
				24ABB5CB22E76EA50074F0C0 /* Assets.xcassets in Resources */,
			);
			runOnlyForDeploymentPostprocessing = 0;
		};
/* End PBXResourcesBuildPhase section */

/* Begin PBXSourcesBuildPhase section */
		24ABB5BD22E76E9E0074F0C0 /* Sources */ = {
			isa = PBXSourcesBuildPhase;
			buildActionMask = 2147483647;
			files = (
				24ABB5E022E7870E0074F0C0 /* UIImageView+.swift in Sources */,
				24ABB5C522E76E9E0074F0C0 /* AppDelegate.swift in Sources */,
				24ABB5EA22E891FC0074F0C0 /* Alamofire+.swift in Sources */,
				24ABB5EF22E8B36E0074F0C0 /* Moya+.swift in Sources */,
				24ABB5F222E8B4160074F0C0 /* APITemplate.swift in Sources */,
				24ABB5F822E8BE5C0074F0C0 /* Template.swift in Sources */,
				24ABB5F522E8BD440074F0C0 /* ViewModelTemplate.swift in Sources */,
				24ABB5E522E789530074F0C0 /* WebImage.swift in Sources */,
				24ABB5C722E76E9F0074F0C0 /* SceneDelegate.swift in Sources */,
				24ABB5C922E76E9F0074F0C0 /* ContentView.swift in Sources */,
			);
			runOnlyForDeploymentPostprocessing = 0;
		};
/* End PBXSourcesBuildPhase section */

/* Begin PBXVariantGroup section */
		24ABB5CF22E76EA50074F0C0 /* LaunchScreen.storyboard */ = {
			isa = PBXVariantGroup;
			children = (
				24ABB5D022E76EA50074F0C0 /* Base */,
			);
			name = LaunchScreen.storyboard;
			sourceTree = "<group>";
		};
/* End PBXVariantGroup section */

/* Begin XCBuildConfiguration section */
		24ABB5D322E76EA50074F0C0 /* Debug */ = {
			isa = XCBuildConfiguration;
			buildSettings = {
				ALWAYS_SEARCH_USER_PATHS = NO;
				CLANG_ANALYZER_NONNULL = YES;
				CLANG_ANALYZER_NUMBER_OBJECT_CONVERSION = YES_AGGRESSIVE;
				CLANG_CXX_LANGUAGE_STANDARD = "gnu++14";
				CLANG_CXX_LIBRARY = "libc++";
				CLANG_ENABLE_MODULES = YES;
				CLANG_ENABLE_OBJC_ARC = YES;
				CLANG_ENABLE_OBJC_WEAK = YES;
				CLANG_WARN_BLOCK_CAPTURE_AUTORELEASING = YES;
				CLANG_WARN_BOOL_CONVERSION = YES;
				CLANG_WARN_COMMA = YES;
				CLANG_WARN_CONSTANT_CONVERSION = YES;
				CLANG_WARN_DEPRECATED_OBJC_IMPLEMENTATIONS = YES;
				CLANG_WARN_DIRECT_OBJC_ISA_USAGE = YES_ERROR;
				CLANG_WARN_DOCUMENTATION_COMMENTS = YES;
				CLANG_WARN_EMPTY_BODY = YES;
				CLANG_WARN_ENUM_CONVERSION = YES;
				CLANG_WARN_INFINITE_RECURSION = YES;
				CLANG_WARN_INT_CONVERSION = YES;
				CLANG_WARN_NON_LITERAL_NULL_CONVERSION = YES;
				CLANG_WARN_OBJC_IMPLICIT_RETAIN_SELF = YES;
				CLANG_WARN_OBJC_LITERAL_CONVERSION = YES;
				CLANG_WARN_OBJC_ROOT_CLASS = YES_ERROR;
				CLANG_WARN_RANGE_LOOP_ANALYSIS = YES;
				CLANG_WARN_STRICT_PROTOTYPES = YES;
				CLANG_WARN_SUSPICIOUS_MOVE = YES;
				CLANG_WARN_UNGUARDED_AVAILABILITY = YES_AGGRESSIVE;
				CLANG_WARN_UNREACHABLE_CODE = YES;
				CLANG_WARN__DUPLICATE_METHOD_MATCH = YES;
				COPY_PHASE_STRIP = NO;
				DEBUG_INFORMATION_FORMAT = dwarf;
				ENABLE_STRICT_OBJC_MSGSEND = YES;
				ENABLE_TESTABILITY = YES;
				GCC_C_LANGUAGE_STANDARD = gnu11;
				GCC_DYNAMIC_NO_PIC = NO;
				GCC_NO_COMMON_BLOCKS = YES;
				GCC_OPTIMIZATION_LEVEL = 0;
				GCC_PREPROCESSOR_DEFINITIONS = (
					"DEBUG=1",
					"$(inherited)",
				);
				GCC_WARN_64_TO_32_BIT_CONVERSION = YES;
				GCC_WARN_ABOUT_RETURN_TYPE = YES_ERROR;
				GCC_WARN_UNDECLARED_SELECTOR = YES;
				GCC_WARN_UNINITIALIZED_AUTOS = YES_AGGRESSIVE;
				GCC_WARN_UNUSED_FUNCTION = YES;
				GCC_WARN_UNUSED_VARIABLE = YES;
				IPHONEOS_DEPLOYMENT_TARGET = 13.0;
				MTL_ENABLE_DEBUG_INFO = INCLUDE_SOURCE;
				MTL_FAST_MATH = YES;
				ONLY_ACTIVE_ARCH = YES;
				SDKROOT = iphoneos;
				SWIFT_ACTIVE_COMPILATION_CONDITIONS = DEBUG;
				SWIFT_OPTIMIZATION_LEVEL = "-Onone";
			};
			name = Debug;
		};
		24ABB5D422E76EA50074F0C0 /* Release */ = {
			isa = XCBuildConfiguration;
			buildSettings = {
				ALWAYS_SEARCH_USER_PATHS = NO;
				CLANG_ANALYZER_NONNULL = YES;
				CLANG_ANALYZER_NUMBER_OBJECT_CONVERSION = YES_AGGRESSIVE;
				CLANG_CXX_LANGUAGE_STANDARD = "gnu++14";
				CLANG_CXX_LIBRARY = "libc++";
				CLANG_ENABLE_MODULES = YES;
				CLANG_ENABLE_OBJC_ARC = YES;
				CLANG_ENABLE_OBJC_WEAK = YES;
				CLANG_WARN_BLOCK_CAPTURE_AUTORELEASING = YES;
				CLANG_WARN_BOOL_CONVERSION = YES;
				CLANG_WARN_COMMA = YES;
				CLANG_WARN_CONSTANT_CONVERSION = YES;
				CLANG_WARN_DEPRECATED_OBJC_IMPLEMENTATIONS = YES;
				CLANG_WARN_DIRECT_OBJC_ISA_USAGE = YES_ERROR;
				CLANG_WARN_DOCUMENTATION_COMMENTS = YES;
				CLANG_WARN_EMPTY_BODY = YES;
				CLANG_WARN_ENUM_CONVERSION = YES;
				CLANG_WARN_INFINITE_RECURSION = YES;
				CLANG_WARN_INT_CONVERSION = YES;
				CLANG_WARN_NON_LITERAL_NULL_CONVERSION = YES;
				CLANG_WARN_OBJC_IMPLICIT_RETAIN_SELF = YES;
				CLANG_WARN_OBJC_LITERAL_CONVERSION = YES;
				CLANG_WARN_OBJC_ROOT_CLASS = YES_ERROR;
				CLANG_WARN_RANGE_LOOP_ANALYSIS = YES;
				CLANG_WARN_STRICT_PROTOTYPES = YES;
				CLANG_WARN_SUSPICIOUS_MOVE = YES;
				CLANG_WARN_UNGUARDED_AVAILABILITY = YES_AGGRESSIVE;
				CLANG_WARN_UNREACHABLE_CODE = YES;
				CLANG_WARN__DUPLICATE_METHOD_MATCH = YES;
				COPY_PHASE_STRIP = NO;
				DEBUG_INFORMATION_FORMAT = "dwarf-with-dsym";
				ENABLE_NS_ASSERTIONS = NO;
				ENABLE_STRICT_OBJC_MSGSEND = YES;
				GCC_C_LANGUAGE_STANDARD = gnu11;
				GCC_NO_COMMON_BLOCKS = YES;
				GCC_WARN_64_TO_32_BIT_CONVERSION = YES;
				GCC_WARN_ABOUT_RETURN_TYPE = YES_ERROR;
				GCC_WARN_UNDECLARED_SELECTOR = YES;
				GCC_WARN_UNINITIALIZED_AUTOS = YES_AGGRESSIVE;
				GCC_WARN_UNUSED_FUNCTION = YES;
				GCC_WARN_UNUSED_VARIABLE = YES;
				IPHONEOS_DEPLOYMENT_TARGET = 13.0;
				MTL_ENABLE_DEBUG_INFO = NO;
				MTL_FAST_MATH = YES;
				SDKROOT = iphoneos;
				SWIFT_COMPILATION_MODE = wholemodule;
				SWIFT_OPTIMIZATION_LEVEL = "-O";
				VALIDATE_PRODUCT = YES;
			};
			name = Release;
		};
		24ABB5D622E76EA50074F0C0 /* Debug */ = {
			isa = XCBuildConfiguration;
			buildSettings = {
				ASSETCATALOG_COMPILER_APPICON_NAME = AppIcon;
				CODE_SIGN_STYLE = Automatic;
				DEVELOPMENT_ASSET_PATHS = "HackathonStarter/Preview\\ Content";
				ENABLE_PREVIEWS = YES;
				INFOPLIST_FILE = HackathonStarter/Info.plist;
				LD_RUNPATH_SEARCH_PATHS = (
					"$(inherited)",
					"@executable_path/Frameworks",
				);
				PRODUCT_BUNDLE_IDENTIFIER = com.github.tattn.HackathonStarter;
				PRODUCT_NAME = "$(TARGET_NAME)";
				SWIFT_VERSION = 5.0;
				TARGETED_DEVICE_FAMILY = "1,2";
			};
			name = Debug;
		};
		24ABB5D722E76EA50074F0C0 /* Release */ = {
			isa = XCBuildConfiguration;
			buildSettings = {
				ASSETCATALOG_COMPILER_APPICON_NAME = AppIcon;
				CODE_SIGN_STYLE = Automatic;
				DEVELOPMENT_ASSET_PATHS = "HackathonStarter/Preview\\ Content";
				ENABLE_PREVIEWS = YES;
				INFOPLIST_FILE = HackathonStarter/Info.plist;
				LD_RUNPATH_SEARCH_PATHS = (
					"$(inherited)",
					"@executable_path/Frameworks",
				);
				PRODUCT_BUNDLE_IDENTIFIER = com.github.tattn.HackathonStarter;
				PRODUCT_NAME = "$(TARGET_NAME)";
				SWIFT_VERSION = 5.0;
				TARGETED_DEVICE_FAMILY = "1,2";
			};
			name = Release;
		};
/* End XCBuildConfiguration section */

/* Begin XCConfigurationList section */
		24ABB5BC22E76E9E0074F0C0 /* Build configuration list for PBXProject "HackathonStarter" */ = {
			isa = XCConfigurationList;
			buildConfigurations = (
				24ABB5D322E76EA50074F0C0 /* Debug */,
				24ABB5D422E76EA50074F0C0 /* Release */,
			);
			defaultConfigurationIsVisible = 0;
			defaultConfigurationName = Release;
		};
		24ABB5D522E76EA50074F0C0 /* Build configuration list for PBXNativeTarget "HackathonStarter" */ = {
			isa = XCConfigurationList;
			buildConfigurations = (
				24ABB5D622E76EA50074F0C0 /* Debug */,
				24ABB5D722E76EA50074F0C0 /* Release */,
			);
			defaultConfigurationIsVisible = 0;
			defaultConfigurationName = Release;
		};
/* End XCConfigurationList section */

/* Begin XCRemoteSwiftPackageReference section */
		24ABB5D822E76FBB0074F0C0 /* XCRemoteSwiftPackageReference "SwiftExtensions" */ = {
			isa = XCRemoteSwiftPackageReference;
			repositoryURL = "https://github.com/tattn/SwiftExtensions";
			requirement = {
				branch = swift5.1;
				kind = branch;
			};
		};
		24ABB5DB22E781330074F0C0 /* XCRemoteSwiftPackageReference "Nuke" */ = {
			isa = XCRemoteSwiftPackageReference;
			repositoryURL = "https://github.com/kean/Nuke";
			requirement = {
				kind = upToNextMajorVersion;
				minimumVersion = 8.0.1;
			};
		};
		24ABB5E622E891BE0074F0C0 /* XCRemoteSwiftPackageReference "Alamofire" */ = {
			isa = XCRemoteSwiftPackageReference;
			repositoryURL = "https://github.com/Alamofire/Alamofire";
			requirement = {
				kind = upToNextMajorVersion;
				minimumVersion = 4.8.2;
			};
		};
		24ABB5EB22E895A80074F0C0 /* XCRemoteSwiftPackageReference "Moya" */ = {
			isa = XCRemoteSwiftPackageReference;
			repositoryURL = "https://github.com/Moya/Moya";
			requirement = {
				kind = upToNextMajorVersion;
				minimumVersion = 13.0.1;
			};
		};
/* End XCRemoteSwiftPackageReference section */

/* Begin XCSwiftPackageProductDependency section */
		24ABB5D922E76FBB0074F0C0 /* SwiftExtensions */ = {
			isa = XCSwiftPackageProductDependency;
			package = 24ABB5D822E76FBB0074F0C0 /* XCRemoteSwiftPackageReference "SwiftExtensions" */;
			productName = SwiftExtensions;
		};
		24ABB5DC22E781330074F0C0 /* Nuke */ = {
			isa = XCSwiftPackageProductDependency;
			package = 24ABB5DB22E781330074F0C0 /* XCRemoteSwiftPackageReference "Nuke" */;
			productName = Nuke;
		};
		24ABB5E722E891BE0074F0C0 /* Alamofire */ = {
			isa = XCSwiftPackageProductDependency;
			package = 24ABB5E622E891BE0074F0C0 /* XCRemoteSwiftPackageReference "Alamofire" */;
			productName = Alamofire;
		};
		24ABB5EC22E895A80074F0C0 /* Moya */ = {
			isa = XCSwiftPackageProductDependency;
			package = 24ABB5EB22E895A80074F0C0 /* XCRemoteSwiftPackageReference "Moya" */;
			productName = Moya;
		};
/* End XCSwiftPackageProductDependency section */
	};
	rootObject = 24ABB5B922E76E9E0074F0C0 /* Project object */;
}
