// !$*UTF8*$!
{
	archiveVersion = 1;
	classes = {
	};
	objectVersion = 46;
	objects = {

/* Begin PBXBuildFile section */
		24137CC51D297814006AE0EC /* Array+.swift in Sources */ = {isa = PBXBuildFile; fileRef = 24137CC41D297814006AE0EC /* Array+.swift */; };
		242C3BEA1D279ACD00BF7992 /* KeyboardManager.swift in Sources */ = {isa = PBXBuildFile; fileRef = 242C3BE91D279ACD00BF7992 /* KeyboardManager.swift */; };
		242C3BEF1D27AE4200BF7992 /* Alamofire.framework in Frameworks */ = {isa = PBXBuildFile; fileRef = 242C3BEE1D27AE4200BF7992 /* Alamofire.framework */; };
		242C3BF01D27AE4200BF7992 /* Alamofire.framework in Embed Frameworks */ = {isa = PBXBuildFile; fileRef = 242C3BEE1D27AE4200BF7992 /* Alamofire.framework */; settings = {ATTRIBUTES = (CodeSignOnCopy, RemoveHeadersOnCopy, ); }; };
		242C3BF31D27AE4900BF7992 /* Chameleon.framework in Frameworks */ = {isa = PBXBuildFile; fileRef = 242C3BF21D27AE4900BF7992 /* Chameleon.framework */; };
		242C3BF41D27AE4900BF7992 /* Chameleon.framework in Embed Frameworks */ = {isa = PBXBuildFile; fileRef = 242C3BF21D27AE4900BF7992 /* Chameleon.framework */; settings = {ATTRIBUTES = (CodeSignOnCopy, RemoveHeadersOnCopy, ); }; };
		242C3C001D27AE5B00BF7992 /* Kingfisher.framework in Frameworks */ = {isa = PBXBuildFile; fileRef = 242C3BF61D27AE5B00BF7992 /* Kingfisher.framework */; };
		242C3C011D27AE5B00BF7992 /* Kingfisher.framework in Embed Frameworks */ = {isa = PBXBuildFile; fileRef = 242C3BF61D27AE5B00BF7992 /* Kingfisher.framework */; settings = {ATTRIBUTES = (CodeSignOnCopy, RemoveHeadersOnCopy, ); }; };
		242C3C021D27AE5B00BF7992 /* ObjectMapper.framework in Frameworks */ = {isa = PBXBuildFile; fileRef = 242C3BF71D27AE5B00BF7992 /* ObjectMapper.framework */; };
		242C3C031D27AE5B00BF7992 /* ObjectMapper.framework in Embed Frameworks */ = {isa = PBXBuildFile; fileRef = 242C3BF71D27AE5B00BF7992 /* ObjectMapper.framework */; settings = {ATTRIBUTES = (CodeSignOnCopy, RemoveHeadersOnCopy, ); }; };
		242C3C041D27AE5B00BF7992 /* Reachability.framework in Frameworks */ = {isa = PBXBuildFile; fileRef = 242C3BF81D27AE5B00BF7992 /* Reachability.framework */; };
		242C3C051D27AE5B00BF7992 /* Reachability.framework in Embed Frameworks */ = {isa = PBXBuildFile; fileRef = 242C3BF81D27AE5B00BF7992 /* Reachability.framework */; settings = {ATTRIBUTES = (CodeSignOnCopy, RemoveHeadersOnCopy, ); }; };
		242C3C061D27AE5B00BF7992 /* Realm.framework in Frameworks */ = {isa = PBXBuildFile; fileRef = 242C3BF91D27AE5B00BF7992 /* Realm.framework */; };
		242C3C071D27AE5B00BF7992 /* Realm.framework in Embed Frameworks */ = {isa = PBXBuildFile; fileRef = 242C3BF91D27AE5B00BF7992 /* Realm.framework */; settings = {ATTRIBUTES = (CodeSignOnCopy, RemoveHeadersOnCopy, ); }; };
		242C3C081D27AE5B00BF7992 /* RealmSwift.framework in Frameworks */ = {isa = PBXBuildFile; fileRef = 242C3BFA1D27AE5B00BF7992 /* RealmSwift.framework */; };
		242C3C091D27AE5B00BF7992 /* RealmSwift.framework in Embed Frameworks */ = {isa = PBXBuildFile; fileRef = 242C3BFA1D27AE5B00BF7992 /* RealmSwift.framework */; settings = {ATTRIBUTES = (CodeSignOnCopy, RemoveHeadersOnCopy, ); }; };
		242C3C0A1D27AE5B00BF7992 /* SVProgressHUD.framework in Frameworks */ = {isa = PBXBuildFile; fileRef = 242C3BFB1D27AE5B00BF7992 /* SVProgressHUD.framework */; };
		242C3C0B1D27AE5B00BF7992 /* SVProgressHUD.framework in Embed Frameworks */ = {isa = PBXBuildFile; fileRef = 242C3BFB1D27AE5B00BF7992 /* SVProgressHUD.framework */; settings = {ATTRIBUTES = (CodeSignOnCopy, RemoveHeadersOnCopy, ); }; };
		242C3C0C1D27AE5B00BF7992 /* SwiftDate.framework in Frameworks */ = {isa = PBXBuildFile; fileRef = 242C3BFC1D27AE5B00BF7992 /* SwiftDate.framework */; };
		242C3C0D1D27AE5B00BF7992 /* SwiftDate.framework in Embed Frameworks */ = {isa = PBXBuildFile; fileRef = 242C3BFC1D27AE5B00BF7992 /* SwiftDate.framework */; settings = {ATTRIBUTES = (CodeSignOnCopy, RemoveHeadersOnCopy, ); }; };
		242C3C0E1D27AE5B00BF7992 /* SwiftyToast.framework in Frameworks */ = {isa = PBXBuildFile; fileRef = 242C3BFD1D27AE5B00BF7992 /* SwiftyToast.framework */; };
		242C3C0F1D27AE5B00BF7992 /* SwiftyToast.framework in Embed Frameworks */ = {isa = PBXBuildFile; fileRef = 242C3BFD1D27AE5B00BF7992 /* SwiftyToast.framework */; settings = {ATTRIBUTES = (CodeSignOnCopy, RemoveHeadersOnCopy, ); }; };
		243F94841D25815500C302D0 /* Ionicons.swift in Sources */ = {isa = PBXBuildFile; fileRef = 243F94831D25815500C302D0 /* Ionicons.swift */; };
		243F94871D25820900C302D0 /* Async.swift in Sources */ = {isa = PBXBuildFile; fileRef = 243F94861D25820900C302D0 /* Async.swift */; };
		243F94891D25825B00C302D0 /* Regexp.swift in Sources */ = {isa = PBXBuildFile; fileRef = 243F94881D25825B00C302D0 /* Regexp.swift */; };
		243F948B1D25852500C302D0 /* GlobalFunctions.swift in Sources */ = {isa = PBXBuildFile; fileRef = 243F948A1D25852500C302D0 /* GlobalFunctions.swift */; };
		243F948D1D2585DA00C302D0 /* App.swift in Sources */ = {isa = PBXBuildFile; fileRef = 243F948C1D2585DA00C302D0 /* App.swift */; };
		243F94901D25874800C302D0 /* IBDesignable.swift in Sources */ = {isa = PBXBuildFile; fileRef = 243F948F1D25874800C302D0 /* IBDesignable.swift */; };
		24410D6B1D2427A9008B0A97 /* AppDelegate.swift in Sources */ = {isa = PBXBuildFile; fileRef = 24410D6A1D2427A9008B0A97 /* AppDelegate.swift */; };
		24410D6D1D2427A9008B0A97 /* ViewController.swift in Sources */ = {isa = PBXBuildFile; fileRef = 24410D6C1D2427A9008B0A97 /* ViewController.swift */; };
		24410D701D2427AA008B0A97 /* Main.storyboard in Resources */ = {isa = PBXBuildFile; fileRef = 24410D6E1D2427AA008B0A97 /* Main.storyboard */; };
		24410D721D2427AA008B0A97 /* Assets.xcassets in Resources */ = {isa = PBXBuildFile; fileRef = 24410D711D2427AA008B0A97 /* Assets.xcassets */; };
		24410D751D2427AA008B0A97 /* LaunchScreen.storyboard in Resources */ = {isa = PBXBuildFile; fileRef = 24410D731D2427AA008B0A97 /* LaunchScreen.storyboard */; };
		24410D801D242A71008B0A97 /* NSObject+.swift in Sources */ = {isa = PBXBuildFile; fileRef = 24410D7F1D242A71008B0A97 /* NSObject+.swift */; };
		24410D821D242AF9008B0A97 /* UITableView+.swift in Sources */ = {isa = PBXBuildFile; fileRef = 24410D811D242AF9008B0A97 /* UITableView+.swift */; };
		24410D841D242B58008B0A97 /* UICollectionView+.swift in Sources */ = {isa = PBXBuildFile; fileRef = 24410D831D242B58008B0A97 /* UICollectionView+.swift */; };
		24410D861D242BEE008B0A97 /* UIColor+.swift in Sources */ = {isa = PBXBuildFile; fileRef = 24410D851D242BEE008B0A97 /* UIColor+.swift */; };
		24410D881D242CAB008B0A97 /* UIApplication+.swift in Sources */ = {isa = PBXBuildFile; fileRef = 24410D871D242CAB008B0A97 /* UIApplication+.swift */; };
		24410D8A1D242DBD008B0A97 /* StoryboardHelper.swift in Sources */ = {isa = PBXBuildFile; fileRef = 24410D891D242DBD008B0A97 /* StoryboardHelper.swift */; };
		24410D8C1D242DF7008B0A97 /* NibHelper.swift in Sources */ = {isa = PBXBuildFile; fileRef = 24410D8B1D242DF7008B0A97 /* NibHelper.swift */; };
		24410D8E1D242E48008B0A97 /* UIView+.swift in Sources */ = {isa = PBXBuildFile; fileRef = 24410D8D1D242E48008B0A97 /* UIView+.swift */; };
		24410D901D242E98008B0A97 /* CollectionType+.swift in Sources */ = {isa = PBXBuildFile; fileRef = 24410D8F1D242E98008B0A97 /* CollectionType+.swift */; };
		24410D921D242ED2008B0A97 /* EnumEnumerable.swift in Sources */ = {isa = PBXBuildFile; fileRef = 24410D911D242ED2008B0A97 /* EnumEnumerable.swift */; };
		24410D951D243538008B0A97 /* UIImage+.swift in Sources */ = {isa = PBXBuildFile; fileRef = 24410D941D243538008B0A97 /* UIImage+.swift */; };
		24410D971D24FCBC008B0A97 /* GCFloat+.swift in Sources */ = {isa = PBXBuildFile; fileRef = 24410D961D24FCBB008B0A97 /* GCFloat+.swift */; };
		24410D991D24FD01008B0A97 /* NSURL+.swift in Sources */ = {isa = PBXBuildFile; fileRef = 24410D981D24FD01008B0A97 /* NSURL+.swift */; };
		24DDCC6F1D36870700CC8046 /* Dictionary+.swift in Sources */ = {isa = PBXBuildFile; fileRef = 24DDCC6E1D36870700CC8046 /* Dictionary+.swift */; };
/* End PBXBuildFile section */

/* Begin PBXCopyFilesBuildPhase section */
		242C3BF11D27AE4200BF7992 /* Embed Frameworks */ = {
			isa = PBXCopyFilesBuildPhase;
			buildActionMask = 2147483647;
			dstPath = "";
			dstSubfolderSpec = 10;
			files = (
				242C3BF01D27AE4200BF7992 /* Alamofire.framework in Embed Frameworks */,
				242C3C051D27AE5B00BF7992 /* Reachability.framework in Embed Frameworks */,
				242C3BF41D27AE4900BF7992 /* Chameleon.framework in Embed Frameworks */,
				242C3C031D27AE5B00BF7992 /* ObjectMapper.framework in Embed Frameworks */,
				242C3C071D27AE5B00BF7992 /* Realm.framework in Embed Frameworks */,
				242C3C011D27AE5B00BF7992 /* Kingfisher.framework in Embed Frameworks */,
				242C3C0F1D27AE5B00BF7992 /* SwiftyToast.framework in Embed Frameworks */,
				242C3C0D1D27AE5B00BF7992 /* SwiftDate.framework in Embed Frameworks */,
				242C3C0B1D27AE5B00BF7992 /* SVProgressHUD.framework in Embed Frameworks */,
				242C3C091D27AE5B00BF7992 /* RealmSwift.framework in Embed Frameworks */,
			);
			name = "Embed Frameworks";
			runOnlyForDeploymentPostprocessing = 0;
		};
/* End PBXCopyFilesBuildPhase section */

/* Begin PBXFileReference section */
		24137CC41D297814006AE0EC /* Array+.swift */ = {isa = PBXFileReference; fileEncoding = 4; lastKnownFileType = sourcecode.swift; path = "Array+.swift"; sourceTree = "<group>"; };
		242C3BE91D279ACD00BF7992 /* KeyboardManager.swift */ = {isa = PBXFileReference; fileEncoding = 4; lastKnownFileType = sourcecode.swift; path = KeyboardManager.swift; sourceTree = "<group>"; };
		242C3BEC1D27AE3700BF7992 /* Alamofire.framework */ = {isa = PBXFileReference; lastKnownFileType = wrapper.framework; name = Alamofire.framework; path = Carthage/Build/iOS/Alamofire.framework; sourceTree = "<group>"; };
		242C3BEE1D27AE4200BF7992 /* Alamofire.framework */ = {isa = PBXFileReference; lastKnownFileType = wrapper.framework; name = Alamofire.framework; path = Carthage/Build/iOS/Alamofire.framework; sourceTree = "<group>"; };
		242C3BF21D27AE4900BF7992 /* Chameleon.framework */ = {isa = PBXFileReference; lastKnownFileType = wrapper.framework; name = Chameleon.framework; path = Carthage/Build/iOS/Chameleon.framework; sourceTree = "<group>"; };
		242C3BF51D27AE5B00BF7992 /* Chameleon.framework */ = {isa = PBXFileReference; lastKnownFileType = wrapper.framework; name = Chameleon.framework; path = Carthage/Build/iOS/Chameleon.framework; sourceTree = "<group>"; };
		242C3BF61D27AE5B00BF7992 /* Kingfisher.framework */ = {isa = PBXFileReference; lastKnownFileType = wrapper.framework; name = Kingfisher.framework; path = Carthage/Build/iOS/Kingfisher.framework; sourceTree = "<group>"; };
		242C3BF71D27AE5B00BF7992 /* ObjectMapper.framework */ = {isa = PBXFileReference; lastKnownFileType = wrapper.framework; name = ObjectMapper.framework; path = Carthage/Build/iOS/ObjectMapper.framework; sourceTree = "<group>"; };
		242C3BF81D27AE5B00BF7992 /* Reachability.framework */ = {isa = PBXFileReference; lastKnownFileType = wrapper.framework; name = Reachability.framework; path = Carthage/Build/iOS/Reachability.framework; sourceTree = "<group>"; };
		242C3BF91D27AE5B00BF7992 /* Realm.framework */ = {isa = PBXFileReference; lastKnownFileType = wrapper.framework; name = Realm.framework; path = Carthage/Build/iOS/Realm.framework; sourceTree = "<group>"; };
		242C3BFA1D27AE5B00BF7992 /* RealmSwift.framework */ = {isa = PBXFileReference; lastKnownFileType = wrapper.framework; name = RealmSwift.framework; path = Carthage/Build/iOS/RealmSwift.framework; sourceTree = "<group>"; };
		242C3BFB1D27AE5B00BF7992 /* SVProgressHUD.framework */ = {isa = PBXFileReference; lastKnownFileType = wrapper.framework; name = SVProgressHUD.framework; path = Carthage/Build/iOS/SVProgressHUD.framework; sourceTree = "<group>"; };
		242C3BFC1D27AE5B00BF7992 /* SwiftDate.framework */ = {isa = PBXFileReference; lastKnownFileType = wrapper.framework; name = SwiftDate.framework; path = Carthage/Build/iOS/SwiftDate.framework; sourceTree = "<group>"; };
		242C3BFD1D27AE5B00BF7992 /* SwiftyToast.framework */ = {isa = PBXFileReference; lastKnownFileType = wrapper.framework; name = SwiftyToast.framework; path = Carthage/Build/iOS/SwiftyToast.framework; sourceTree = "<group>"; };
		243F94831D25815500C302D0 /* Ionicons.swift */ = {isa = PBXFileReference; fileEncoding = 4; lastKnownFileType = sourcecode.swift; path = Ionicons.swift; sourceTree = "<group>"; };
		243F94861D25820900C302D0 /* Async.swift */ = {isa = PBXFileReference; fileEncoding = 4; lastKnownFileType = sourcecode.swift; path = Async.swift; sourceTree = "<group>"; };
		243F94881D25825B00C302D0 /* Regexp.swift */ = {isa = PBXFileReference; fileEncoding = 4; lastKnownFileType = sourcecode.swift; path = Regexp.swift; sourceTree = "<group>"; };
		243F948A1D25852500C302D0 /* GlobalFunctions.swift */ = {isa = PBXFileReference; fileEncoding = 4; lastKnownFileType = sourcecode.swift; path = GlobalFunctions.swift; sourceTree = "<group>"; };
		243F948C1D2585DA00C302D0 /* App.swift */ = {isa = PBXFileReference; fileEncoding = 4; lastKnownFileType = sourcecode.swift; path = App.swift; sourceTree = "<group>"; };
		243F948F1D25874800C302D0 /* IBDesignable.swift */ = {isa = PBXFileReference; fileEncoding = 4; lastKnownFileType = sourcecode.swift; path = IBDesignable.swift; sourceTree = "<group>"; };
		24410D671D2427A9008B0A97 /* HackathonStarter.app */ = {isa = PBXFileReference; explicitFileType = wrapper.application; includeInIndex = 0; path = HackathonStarter.app; sourceTree = BUILT_PRODUCTS_DIR; };
		24410D6A1D2427A9008B0A97 /* AppDelegate.swift */ = {isa = PBXFileReference; lastKnownFileType = sourcecode.swift; path = AppDelegate.swift; sourceTree = "<group>"; };
		24410D6C1D2427A9008B0A97 /* ViewController.swift */ = {isa = PBXFileReference; lastKnownFileType = sourcecode.swift; path = ViewController.swift; sourceTree = "<group>"; };
		24410D6F1D2427AA008B0A97 /* Base */ = {isa = PBXFileReference; lastKnownFileType = file.storyboard; name = Base; path = Base.lproj/Main.storyboard; sourceTree = "<group>"; };
		24410D711D2427AA008B0A97 /* Assets.xcassets */ = {isa = PBXFileReference; lastKnownFileType = folder.assetcatalog; path = Assets.xcassets; sourceTree = "<group>"; };
		24410D741D2427AA008B0A97 /* Base */ = {isa = PBXFileReference; lastKnownFileType = file.storyboard; name = Base; path = Base.lproj/LaunchScreen.storyboard; sourceTree = "<group>"; };
		24410D761D2427AA008B0A97 /* Info.plist */ = {isa = PBXFileReference; lastKnownFileType = text.plist.xml; path = Info.plist; sourceTree = "<group>"; };
		24410D7F1D242A71008B0A97 /* NSObject+.swift */ = {isa = PBXFileReference; fileEncoding = 4; lastKnownFileType = sourcecode.swift; path = "NSObject+.swift"; sourceTree = "<group>"; };
		24410D811D242AF9008B0A97 /* UITableView+.swift */ = {isa = PBXFileReference; fileEncoding = 4; lastKnownFileType = sourcecode.swift; path = "UITableView+.swift"; sourceTree = "<group>"; };
		24410D831D242B58008B0A97 /* UICollectionView+.swift */ = {isa = PBXFileReference; fileEncoding = 4; lastKnownFileType = sourcecode.swift; path = "UICollectionView+.swift"; sourceTree = "<group>"; };
		24410D851D242BEE008B0A97 /* UIColor+.swift */ = {isa = PBXFileReference; fileEncoding = 4; lastKnownFileType = sourcecode.swift; path = "UIColor+.swift"; sourceTree = "<group>"; };
		24410D871D242CAB008B0A97 /* UIApplication+.swift */ = {isa = PBXFileReference; fileEncoding = 4; lastKnownFileType = sourcecode.swift; path = "UIApplication+.swift"; sourceTree = "<group>"; };
		24410D891D242DBD008B0A97 /* StoryboardHelper.swift */ = {isa = PBXFileReference; fileEncoding = 4; lastKnownFileType = sourcecode.swift; path = StoryboardHelper.swift; sourceTree = "<group>"; };
		24410D8B1D242DF7008B0A97 /* NibHelper.swift */ = {isa = PBXFileReference; fileEncoding = 4; lastKnownFileType = sourcecode.swift; path = NibHelper.swift; sourceTree = "<group>"; };
		24410D8D1D242E48008B0A97 /* UIView+.swift */ = {isa = PBXFileReference; fileEncoding = 4; lastKnownFileType = sourcecode.swift; path = "UIView+.swift"; sourceTree = "<group>"; };
		24410D8F1D242E98008B0A97 /* CollectionType+.swift */ = {isa = PBXFileReference; fileEncoding = 4; lastKnownFileType = sourcecode.swift; path = "CollectionType+.swift"; sourceTree = "<group>"; };
		24410D911D242ED2008B0A97 /* EnumEnumerable.swift */ = {isa = PBXFileReference; fileEncoding = 4; lastKnownFileType = sourcecode.swift; path = EnumEnumerable.swift; sourceTree = "<group>"; };
		24410D941D243538008B0A97 /* UIImage+.swift */ = {isa = PBXFileReference; fileEncoding = 4; lastKnownFileType = sourcecode.swift; path = "UIImage+.swift"; sourceTree = "<group>"; };
		24410D961D24FCBB008B0A97 /* GCFloat+.swift */ = {isa = PBXFileReference; fileEncoding = 4; lastKnownFileType = sourcecode.swift; path = "GCFloat+.swift"; sourceTree = "<group>"; };
		24410D981D24FD01008B0A97 /* NSURL+.swift */ = {isa = PBXFileReference; fileEncoding = 4; lastKnownFileType = sourcecode.swift; path = "NSURL+.swift"; sourceTree = "<group>"; };
		24DDCC6E1D36870700CC8046 /* Dictionary+.swift */ = {isa = PBXFileReference; fileEncoding = 4; lastKnownFileType = sourcecode.swift; path = "Dictionary+.swift"; sourceTree = "<group>"; };
/* End PBXFileReference section */

/* Begin PBXFrameworksBuildPhase section */
		24410D641D2427A9008B0A97 /* Frameworks */ = {
			isa = PBXFrameworksBuildPhase;
			buildActionMask = 2147483647;
			files = (
				242C3BEF1D27AE4200BF7992 /* Alamofire.framework in Frameworks */,
				242C3C041D27AE5B00BF7992 /* Reachability.framework in Frameworks */,
				242C3BF31D27AE4900BF7992 /* Chameleon.framework in Frameworks */,
				242C3C021D27AE5B00BF7992 /* ObjectMapper.framework in Frameworks */,
				242C3C061D27AE5B00BF7992 /* Realm.framework in Frameworks */,
				242C3C001D27AE5B00BF7992 /* Kingfisher.framework in Frameworks */,
				242C3C0E1D27AE5B00BF7992 /* SwiftyToast.framework in Frameworks */,
				242C3C0C1D27AE5B00BF7992 /* SwiftDate.framework in Frameworks */,
				242C3C0A1D27AE5B00BF7992 /* SVProgressHUD.framework in Frameworks */,
				242C3C081D27AE5B00BF7992 /* RealmSwift.framework in Frameworks */,
			);
			runOnlyForDeploymentPostprocessing = 0;
		};
/* End PBXFrameworksBuildPhase section */

/* Begin PBXGroup section */
		242C3C101D27AE7B00BF7992 /* Framework */ = {
			isa = PBXGroup;
			children = (
				242C3BF51D27AE5B00BF7992 /* Chameleon.framework */,
				242C3BF61D27AE5B00BF7992 /* Kingfisher.framework */,
				242C3BF71D27AE5B00BF7992 /* ObjectMapper.framework */,
				242C3BF81D27AE5B00BF7992 /* Reachability.framework */,
				242C3BF91D27AE5B00BF7992 /* Realm.framework */,
				242C3BFA1D27AE5B00BF7992 /* RealmSwift.framework */,
				242C3BFB1D27AE5B00BF7992 /* SVProgressHUD.framework */,
				242C3BFC1D27AE5B00BF7992 /* SwiftDate.framework */,
				242C3BFD1D27AE5B00BF7992 /* SwiftyToast.framework */,
				242C3BF21D27AE4900BF7992 /* Chameleon.framework */,
				242C3BEE1D27AE4200BF7992 /* Alamofire.framework */,
				242C3BEC1D27AE3700BF7992 /* Alamofire.framework */,
			);
			name = Framework;
			sourceTree = "<group>";
		};
		243F94851D25816F00C302D0 /* Utility */ = {
			isa = PBXGroup;
			children = (
				243F94831D25815500C302D0 /* Ionicons.swift */,
				243F94861D25820900C302D0 /* Async.swift */,
				243F94881D25825B00C302D0 /* Regexp.swift */,
				242C3BE91D279ACD00BF7992 /* KeyboardManager.swift */,
			);
			path = Utility;
			sourceTree = "<group>";
		};
		243F948E1D25873C00C302D0 /* Common */ = {
			isa = PBXGroup;
			children = (
				243F948F1D25874800C302D0 /* IBDesignable.swift */,
			);
			name = Common;
			sourceTree = "<group>";
		};
		24410D5E1D2427A9008B0A97 = {
			isa = PBXGroup;
			children = (
				242C3C101D27AE7B00BF7992 /* Framework */,
				24410D691D2427A9008B0A97 /* HackathonStarter */,
				24410D681D2427A9008B0A97 /* Products */,
			);
			sourceTree = "<group>";
		};
		24410D681D2427A9008B0A97 /* Products */ = {
			isa = PBXGroup;
			children = (
				24410D671D2427A9008B0A97 /* HackathonStarter.app */,
			);
			name = Products;
			sourceTree = "<group>";
		};
		24410D691D2427A9008B0A97 /* HackathonStarter */ = {
			isa = PBXGroup;
			children = (
				24410D7C1D2429A5008B0A97 /* Application */,
				24410D7E1D242A00008B0A97 /* Extension */,
				24410D931D242EDD008B0A97 /* Protocol */,
				24410D7D1D2429B5008B0A97 /* UI */,
				243F94851D25816F00C302D0 /* Utility */,
				24410D711D2427AA008B0A97 /* Assets.xcassets */,
				24410D761D2427AA008B0A97 /* Info.plist */,
				24410D731D2427AA008B0A97 /* LaunchScreen.storyboard */,
			);
			path = HackathonStarter;
			sourceTree = "<group>";
		};
		24410D7C1D2429A5008B0A97 /* Application */ = {
			isa = PBXGroup;
			children = (
				24410D6A1D2427A9008B0A97 /* AppDelegate.swift */,
				243F948A1D25852500C302D0 /* GlobalFunctions.swift */,
				243F948C1D2585DA00C302D0 /* App.swift */,
			);
			path = Application;
			sourceTree = "<group>";
		};
		24410D7D1D2429B5008B0A97 /* UI */ = {
			isa = PBXGroup;
			children = (
				243F948E1D25873C00C302D0 /* Common */,
				24410D6E1D2427AA008B0A97 /* Main.storyboard */,
				24410D6C1D2427A9008B0A97 /* ViewController.swift */,
			);
			path = UI;
			sourceTree = "<group>";
		};
		24410D7E1D242A00008B0A97 /* Extension */ = {
			isa = PBXGroup;
			children = (
				24137CC41D297814006AE0EC /* Array+.swift */,
				24410D8F1D242E98008B0A97 /* CollectionType+.swift */,
				24410D961D24FCBB008B0A97 /* GCFloat+.swift */,
				24410D7F1D242A71008B0A97 /* NSObject+.swift */,
				24410D981D24FD01008B0A97 /* NSURL+.swift */,
				24410D8B1D242DF7008B0A97 /* NibHelper.swift */,
				24410D891D242DBD008B0A97 /* StoryboardHelper.swift */,
				24410D871D242CAB008B0A97 /* UIApplication+.swift */,
				24410D831D242B58008B0A97 /* UICollectionView+.swift */,
				24410D851D242BEE008B0A97 /* UIColor+.swift */,
				24410D941D243538008B0A97 /* UIImage+.swift */,
				24410D811D242AF9008B0A97 /* UITableView+.swift */,
				24410D8D1D242E48008B0A97 /* UIView+.swift */,
				24DDCC6E1D36870700CC8046 /* Dictionary+.swift */,
			);
			path = Extension;
			sourceTree = "<group>";
		};
		24410D931D242EDD008B0A97 /* Protocol */ = {
			isa = PBXGroup;
			children = (
				24410D911D242ED2008B0A97 /* EnumEnumerable.swift */,
			);
			path = Protocol;
			sourceTree = "<group>";
		};
/* End PBXGroup section */

/* Begin PBXNativeTarget section */
		24410D661D2427A9008B0A97 /* HackathonStarter */ = {
			isa = PBXNativeTarget;
			buildConfigurationList = 24410D791D2427AA008B0A97 /* Build configuration list for PBXNativeTarget "HackathonStarter" */;
			buildPhases = (
				242C3BEB1D27A93C00BF7992 /* Run Script - Carthage */,
				24410D631D2427A9008B0A97 /* Sources */,
				24410D641D2427A9008B0A97 /* Frameworks */,
				24410D651D2427A9008B0A97 /* Resources */,
				242C3BF11D27AE4200BF7992 /* Embed Frameworks */,
			);
			buildRules = (
			);
			dependencies = (
			);
			name = HackathonStarter;
			productName = HackathonStarter;
			productReference = 24410D671D2427A9008B0A97 /* HackathonStarter.app */;
			productType = "com.apple.product-type.application";
		};
/* End PBXNativeTarget section */

/* Begin PBXProject section */
		24410D5F1D2427A9008B0A97 /* Project object */ = {
			isa = PBXProject;
			attributes = {
				LastSwiftUpdateCheck = 0730;
				LastUpgradeCheck = 0730;
				ORGANIZATIONNAME = tattn;
				TargetAttributes = {
					24410D661D2427A9008B0A97 = {
						CreatedOnToolsVersion = 7.3.1;
					};
				};
			};
			buildConfigurationList = 24410D621D2427A9008B0A97 /* Build configuration list for PBXProject "HackathonStarter" */;
			compatibilityVersion = "Xcode 3.2";
			developmentRegion = English;
			hasScannedForEncodings = 0;
			knownRegions = (
				en,
				Base,
			);
			mainGroup = 24410D5E1D2427A9008B0A97;
			productRefGroup = 24410D681D2427A9008B0A97 /* Products */;
			projectDirPath = "";
			projectRoot = "";
			targets = (
				24410D661D2427A9008B0A97 /* HackathonStarter */,
			);
		};
/* End PBXProject section */

/* Begin PBXResourcesBuildPhase section */
		24410D651D2427A9008B0A97 /* Resources */ = {
			isa = PBXResourcesBuildPhase;
			buildActionMask = 2147483647;
			files = (
				24410D751D2427AA008B0A97 /* LaunchScreen.storyboard in Resources */,
				24410D721D2427AA008B0A97 /* Assets.xcassets in Resources */,
				24410D701D2427AA008B0A97 /* Main.storyboard in Resources */,
			);
			runOnlyForDeploymentPostprocessing = 0;
		};
/* End PBXResourcesBuildPhase section */

/* Begin PBXShellScriptBuildPhase section */
		242C3BEB1D27A93C00BF7992 /* Run Script - Carthage */ = {
			isa = PBXShellScriptBuildPhase;
			buildActionMask = 2147483647;
			files = (
			);
			inputPaths = (
				"$(SRCROOT)/Carthage/Build/iOS/Alamofire.framework",
				"$(SRCROOT)/Carthage/Build/iOS/Chameleon.framework",
				"$(SRCROOT)/Carthage/Build/iOS/Kingfisher.framework",
				"$(SRCROOT)/Carthage/Build/iOS/ObjectMapper.framework",
				"$(SRCROOT)/Carthage/Build/iOS/Reachability.framework",
				"$(SRCROOT)/Carthage/Build/iOS/Realm.framework",
				"$(SRCROOT)/Carthage/Build/iOS/RealmSwift.framework",
				"$(SRCROOT)/Carthage/Build/iOS/SVProgressHUD.framework",
				"$(SRCROOT)/Carthage/Build/iOS/SwiftDate.framework",
				"$(SRCROOT)/Carthage/Build/iOS/SwiftyToast.framework",
			);
			name = "Run Script - Carthage";
			outputPaths = (
			);
			runOnlyForDeploymentPostprocessing = 0;
			shellPath = /bin/sh;
			shellScript = "/usr/local/bin/carthage copy-frameworks";
		};
/* End PBXShellScriptBuildPhase section */

/* Begin PBXSourcesBuildPhase section */
		24410D631D2427A9008B0A97 /* Sources */ = {
			isa = PBXSourcesBuildPhase;
			buildActionMask = 2147483647;
			files = (
				24410D6D1D2427A9008B0A97 /* ViewController.swift in Sources */,
				24410D821D242AF9008B0A97 /* UITableView+.swift in Sources */,
				24137CC51D297814006AE0EC /* Array+.swift in Sources */,
				24410D8A1D242DBD008B0A97 /* StoryboardHelper.swift in Sources */,
				243F94871D25820900C302D0 /* Async.swift in Sources */,
				24DDCC6F1D36870700CC8046 /* Dictionary+.swift in Sources */,
				24410D991D24FD01008B0A97 /* NSURL+.swift in Sources */,
				243F94901D25874800C302D0 /* IBDesignable.swift in Sources */,
				24410D881D242CAB008B0A97 /* UIApplication+.swift in Sources */,
				24410D8E1D242E48008B0A97 /* UIView+.swift in Sources */,
				24410D901D242E98008B0A97 /* CollectionType+.swift in Sources */,
				24410D971D24FCBC008B0A97 /* GCFloat+.swift in Sources */,
				24410D801D242A71008B0A97 /* NSObject+.swift in Sources */,
				24410D6B1D2427A9008B0A97 /* AppDelegate.swift in Sources */,
				243F948B1D25852500C302D0 /* GlobalFunctions.swift in Sources */,
				24410D921D242ED2008B0A97 /* EnumEnumerable.swift in Sources */,
				243F948D1D2585DA00C302D0 /* App.swift in Sources */,
				243F94841D25815500C302D0 /* Ionicons.swift in Sources */,
				24410D951D243538008B0A97 /* UIImage+.swift in Sources */,
				243F94891D25825B00C302D0 /* Regexp.swift in Sources */,
				242C3BEA1D279ACD00BF7992 /* KeyboardManager.swift in Sources */,
				24410D841D242B58008B0A97 /* UICollectionView+.swift in Sources */,
				24410D8C1D242DF7008B0A97 /* NibHelper.swift in Sources */,
				24410D861D242BEE008B0A97 /* UIColor+.swift in Sources */,
			);
			runOnlyForDeploymentPostprocessing = 0;
		};
/* End PBXSourcesBuildPhase section */

/* Begin PBXVariantGroup section */
		24410D6E1D2427AA008B0A97 /* Main.storyboard */ = {
			isa = PBXVariantGroup;
			children = (
				24410D6F1D2427AA008B0A97 /* Base */,
			);
			name = Main.storyboard;
			path = .;
			sourceTree = "<group>";
		};
		24410D731D2427AA008B0A97 /* LaunchScreen.storyboard */ = {
			isa = PBXVariantGroup;
			children = (
				24410D741D2427AA008B0A97 /* Base */,
			);
			name = LaunchScreen.storyboard;
			path = .;
			sourceTree = "<group>";
		};
/* End PBXVariantGroup section */

/* Begin XCBuildConfiguration section */
		24410D771D2427AA008B0A97 /* Debug */ = {
			isa = XCBuildConfiguration;
			buildSettings = {
				ALWAYS_SEARCH_USER_PATHS = NO;
				CLANG_ANALYZER_NONNULL = YES;
				CLANG_CXX_LANGUAGE_STANDARD = "gnu++0x";
				CLANG_CXX_LIBRARY = "libc++";
				CLANG_ENABLE_MODULES = YES;
				CLANG_ENABLE_OBJC_ARC = YES;
				CLANG_WARN_BOOL_CONVERSION = YES;
				CLANG_WARN_CONSTANT_CONVERSION = YES;
				CLANG_WARN_DIRECT_OBJC_ISA_USAGE = YES_ERROR;
				CLANG_WARN_EMPTY_BODY = YES;
				CLANG_WARN_ENUM_CONVERSION = YES;
				CLANG_WARN_INT_CONVERSION = YES;
				CLANG_WARN_OBJC_ROOT_CLASS = YES_ERROR;
				CLANG_WARN_UNREACHABLE_CODE = YES;
				CLANG_WARN__DUPLICATE_METHOD_MATCH = YES;
				"CODE_SIGN_IDENTITY[sdk=iphoneos*]" = "iPhone Developer";
				COPY_PHASE_STRIP = NO;
				DEBUG_INFORMATION_FORMAT = dwarf;
				ENABLE_STRICT_OBJC_MSGSEND = YES;
				ENABLE_TESTABILITY = YES;
				GCC_C_LANGUAGE_STANDARD = gnu99;
				GCC_DYNAMIC_NO_PIC = NO;
				GCC_NO_COMMON_BLOCKS = YES;
				GCC_OPTIMIZATION_LEVEL = 0;
				GCC_PREPROCESSOR_DEFINITIONS = (
					"DEBUG=1",
					"$(inherited)",
				);
				GCC_WARN_64_TO_32_BIT_CONVERSION = YES;
				GCC_WARN_ABOUT_RETURN_TYPE = YES_ERROR;
				GCC_WARN_UNDECLARED_SELECTOR = YES;
				GCC_WARN_UNINITIALIZED_AUTOS = YES_AGGRESSIVE;
				GCC_WARN_UNUSED_FUNCTION = YES;
				GCC_WARN_UNUSED_VARIABLE = YES;
				IPHONEOS_DEPLOYMENT_TARGET = 9.3;
				MTL_ENABLE_DEBUG_INFO = YES;
				ONLY_ACTIVE_ARCH = YES;
				SDKROOT = iphoneos;
				SWIFT_OPTIMIZATION_LEVEL = "-Onone";
				TARGETED_DEVICE_FAMILY = "1,2";
			};
			name = Debug;
		};
		24410D781D2427AA008B0A97 /* Release */ = {
			isa = XCBuildConfiguration;
			buildSettings = {
				ALWAYS_SEARCH_USER_PATHS = NO;
				CLANG_ANALYZER_NONNULL = YES;
				CLANG_CXX_LANGUAGE_STANDARD = "gnu++0x";
				CLANG_CXX_LIBRARY = "libc++";
				CLANG_ENABLE_MODULES = YES;
				CLANG_ENABLE_OBJC_ARC = YES;
				CLANG_WARN_BOOL_CONVERSION = YES;
				CLANG_WARN_CONSTANT_CONVERSION = YES;
				CLANG_WARN_DIRECT_OBJC_ISA_USAGE = YES_ERROR;
				CLANG_WARN_EMPTY_BODY = YES;
				CLANG_WARN_ENUM_CONVERSION = YES;
				CLANG_WARN_INT_CONVERSION = YES;
				CLANG_WARN_OBJC_ROOT_CLASS = YES_ERROR;
				CLANG_WARN_UNREACHABLE_CODE = YES;
				CLANG_WARN__DUPLICATE_METHOD_MATCH = YES;
				"CODE_SIGN_IDENTITY[sdk=iphoneos*]" = "iPhone Developer";
				COPY_PHASE_STRIP = NO;
				DEBUG_INFORMATION_FORMAT = "dwarf-with-dsym";
				ENABLE_NS_ASSERTIONS = NO;
				ENABLE_STRICT_OBJC_MSGSEND = YES;
				GCC_C_LANGUAGE_STANDARD = gnu99;
				GCC_NO_COMMON_BLOCKS = YES;
				GCC_WARN_64_TO_32_BIT_CONVERSION = YES;
				GCC_WARN_ABOUT_RETURN_TYPE = YES_ERROR;
				GCC_WARN_UNDECLARED_SELECTOR = YES;
				GCC_WARN_UNINITIALIZED_AUTOS = YES_AGGRESSIVE;
				GCC_WARN_UNUSED_FUNCTION = YES;
				GCC_WARN_UNUSED_VARIABLE = YES;
				IPHONEOS_DEPLOYMENT_TARGET = 9.3;
				MTL_ENABLE_DEBUG_INFO = NO;
				SDKROOT = iphoneos;
				TARGETED_DEVICE_FAMILY = "1,2";
				VALIDATE_PRODUCT = YES;
			};
			name = Release;
		};
		24410D7A1D2427AA008B0A97 /* Debug */ = {
			isa = XCBuildConfiguration;
			buildSettings = {
				ASSETCATALOG_COMPILER_APPICON_NAME = AppIcon;
				FRAMEWORK_SEARCH_PATHS = (
					"$(inherited)",
					"$(PROJECT_DIR)/Carthage/Build/iOS",
				);
				INFOPLIST_FILE = HackathonStarter/Info.plist;
				LD_RUNPATH_SEARCH_PATHS = "$(inherited) @executable_path/Frameworks";
				PRODUCT_BUNDLE_IDENTIFIER = com.github.tattn.HackathonStarter;
				PRODUCT_NAME = "$(TARGET_NAME)";
			};
			name = Debug;
		};
		24410D7B1D2427AA008B0A97 /* Release */ = {
			isa = XCBuildConfiguration;
			buildSettings = {
				ASSETCATALOG_COMPILER_APPICON_NAME = AppIcon;
				FRAMEWORK_SEARCH_PATHS = (
					"$(inherited)",
					"$(PROJECT_DIR)/Carthage/Build/iOS",
				);
				INFOPLIST_FILE = HackathonStarter/Info.plist;
				LD_RUNPATH_SEARCH_PATHS = "$(inherited) @executable_path/Frameworks";
				PRODUCT_BUNDLE_IDENTIFIER = com.github.tattn.HackathonStarter;
				PRODUCT_NAME = "$(TARGET_NAME)";
			};
			name = Release;
		};
/* End XCBuildConfiguration section */

/* Begin XCConfigurationList section */
		24410D621D2427A9008B0A97 /* Build configuration list for PBXProject "HackathonStarter" */ = {
			isa = XCConfigurationList;
			buildConfigurations = (
				24410D771D2427AA008B0A97 /* Debug */,
				24410D781D2427AA008B0A97 /* Release */,
			);
			defaultConfigurationIsVisible = 0;
			defaultConfigurationName = Release;
		};
		24410D791D2427AA008B0A97 /* Build configuration list for PBXNativeTarget "HackathonStarter" */ = {
			isa = XCConfigurationList;
			buildConfigurations = (
				24410D7A1D2427AA008B0A97 /* Debug */,
				24410D7B1D2427AA008B0A97 /* Release */,
			);
			defaultConfigurationIsVisible = 0;
			defaultConfigurationName = Release;
		};
/* End XCConfigurationList section */
	};
	rootObject = 24410D5F1D2427A9008B0A97 /* Project object */;
}
